
Microsoft Visual Studio Solution File, Format Version 12.00
# Visual Studio Version 16
VisualStudioVersion = 16.0.30204.135
MinimumVisualStudioVersion = 10.0.40219.1
Project("{FAE04EC0-301F-11D3-BF4B-00C04F79EFBC}") = "ExcuseManager", "ExcuseManager\ExcuseManager.csproj", "{A156417F-EB32-494B-A757-822EA08BFFF1}"
EndProject
Global
	GlobalSection(SolutionConfigurationPlatforms) = preSolution
		Debug|Any CPU = Debug|Any CPU
		Release|Any CPU = Release|Any CPU
	EndGlobalSection
	GlobalSection(ProjectConfigurationPlatforms) = postSolution
		{A156417F-EB32-494B-A757-822EA08BFFF1}.Debug|Any CPU.ActiveCfg = Debug|Any CPU
		{A156417F-EB32-494B-A757-822EA08BFFF1}.Debug|Any CPU.Build.0 = Debug|Any CPU
		{A156417F-EB32-494B-A757-822EA08BFFF1}.Release|Any CPU.ActiveCfg = Release|Any CPU
		{A156417F-EB32-494B-A757-822EA08BFFF1}.Release|Any CPU.Build.0 = Release|Any CPU
	EndGlobalSection
	GlobalSection(SolutionProperties) = preSolution
		HideSolutionNode = FALSE
	EndGlobalSection
	GlobalSection(ExtensibilityGlobals) = postSolution
		SolutionGuid = {B66C2C70-E541-43D8-9EA1-671B188309E4}
	EndGlobalSection
EndGlobal
